
Microsoft Visual Studio Solution File, Format Version 12.00
# Visual Studio Version 17
VisualStudioVersion = 17.11.35312.102
MinimumVisualStudioVersion = 10.0.40219.1
Project("{FAE04EC0-301F-11D3-BF4B-00C04F79EFBC}") = "LugxGaming", "LugxGaming\LugxGaming.csproj", "{46D74729-16CC-401A-8F67-41BFD358DE5D}"
EndProject
Global
	GlobalSection(SolutionConfigurationPlatforms) = preSolution
		Debug|Any CPU = Debug|Any CPU
		Release|Any CPU = Release|Any CPU
	EndGlobalSection
	GlobalSection(ProjectConfigurationPlatforms) = postSolution
		{46D74729-16CC-401A-8F67-41BFD358DE5D}.Debug|Any CPU.ActiveCfg = Debug|Any CPU
		{46D74729-16CC-401A-8F67-41BFD358DE5D}.Debug|Any CPU.Build.0 = Debug|Any CPU
		{46D74729-16CC-401A-8F67-41BFD358DE5D}.Release|Any CPU.ActiveCfg = Release|Any CPU
		{46D74729-16CC-401A-8F67-41BFD358DE5D}.Release|Any CPU.Build.0 = Release|Any CPU
	EndGlobalSection
	GlobalSection(SolutionProperties) = preSolution
		HideSolutionNode = FALSE
	EndGlobalSection
	GlobalSection(ExtensibilityGlobals) = postSolution
		SolutionGuid = {2D5C3438-7B6B-4D24-8ED2-2143997F7588}
	EndGlobalSection
EndGlobal
